// !$*UTF8*$!
{
	archiveVersion = 1;
	classes = {
	};
	objectVersion = 46;
	objects = {

/* Begin PBXBuildFile section */
		ADEB02731BD4D7FC00577C19 /* main.m in Sources */ = {isa = PBXBuildFile; fileRef = ADEB02721BD4D7FC00577C19 /* main.m */; };
		ADEB02761BD4D7FC00577C19 /* AppDelegate.m in Sources */ = {isa = PBXBuildFile; fileRef = ADEB02751BD4D7FC00577C19 /* AppDelegate.m */; };
		ADEB02791BD4D7FC00577C19 /* ViewController.m in Sources */ = {isa = PBXBuildFile; fileRef = ADEB02781BD4D7FC00577C19 /* ViewController.m */; };
		ADEB027C1BD4D7FC00577C19 /* Main.storyboard in Resources */ = {isa = PBXBuildFile; fileRef = ADEB027A1BD4D7FC00577C19 /* Main.storyboard */; };
		ADEB027E1BD4D7FC00577C19 /* Images.xcassets in Resources */ = {isa = PBXBuildFile; fileRef = ADEB027D1BD4D7FC00577C19 /* Images.xcassets */; };
		ADEB02811BD4D7FC00577C19 /* LaunchScreen.xib in Resources */ = {isa = PBXBuildFile; fileRef = ADEB027F1BD4D7FC00577C19 /* LaunchScreen.xib */; };
		ADEB028D1BD4D7FD00577C19 /* HelloWorldTests.m in Sources */ = {isa = PBXBuildFile; fileRef = ADEB028C1BD4D7FD00577C19 /* HelloWorldTests.m */; };
/* End PBXBuildFile section */

/* Begin PBXContainerItemProxy section */
		ADEB02871BD4D7FD00577C19 /* PBXContainerItemProxy */ = {
			isa = PBXContainerItemProxy;
			containerPortal = ADEB02651BD4D7FC00577C19 /* Project object */;
			proxyType = 1;
			remoteGlobalIDString = ADEB026C1BD4D7FC00577C19;
			remoteInfo = HelloWorld;
		};
/* End PBXContainerItemProxy section */

/* Begin PBXFileReference section */
		ADEB026D1BD4D7FC00577C19 /* HelloWorld.app */ = {isa = PBXFileReference; explicitFileType = wrapper.application; includeInIndex = 0; path = HelloWorld.app; sourceTree = BUILT_PRODUCTS_DIR; };
		ADEB02711BD4D7FC00577C19 /* Info.plist */ = {isa = PBXFileReference; lastKnownFileType = text.plist.xml; path = Info.plist; sourceTree = "<group>"; };
		ADEB02721BD4D7FC00577C19 /* main.m */ = {isa = PBXFileReference; lastKnownFileType = sourcecode.c.objc; path = main.m; sourceTree = "<group>"; };
		ADEB02741BD4D7FC00577C19 /* AppDelegate.h */ = {isa = PBXFileReference; lastKnownFileType = sourcecode.c.h; path = AppDelegate.h; sourceTree = "<group>"; };
		ADEB02751BD4D7FC00577C19 /* AppDelegate.m */ = {isa = PBXFileReference; lastKnownFileType = sourcecode.c.objc; path = AppDelegate.m; sourceTree = "<group>"; };
		ADEB02771BD4D7FC00577C19 /* ViewController.h */ = {isa = PBXFileReference; lastKnownFileType = sourcecode.c.h; path = ViewController.h; sourceTree = "<group>"; };
		ADEB02781BD4D7FC00577C19 /* ViewController.m */ = {isa = PBXFileReference; lastKnownFileType = sourcecode.c.objc; path = ViewController.m; sourceTree = "<group>"; };
		ADEB027B1BD4D7FC00577C19 /* Base */ = {isa = PBXFileReference; lastKnownFileType = file.storyboard; name = Base; path = Base.lproj/Main.storyboard; sourceTree = "<group>"; };
		ADEB027D1BD4D7FC00577C19 /* Images.xcassets */ = {isa = PBXFileReference; lastKnownFileType = folder.assetcatalog; path = Images.xcassets; sourceTree = "<group>"; };
		ADEB02801BD4D7FC00577C19 /* Base */ = {isa = PBXFileReference; lastKnownFileType = file.xib; name = Base; path = Base.lproj/LaunchScreen.xib; sourceTree = "<group>"; };
		ADEB02861BD4D7FD00577C19 /* HelloWorldTests.xctest */ = {isa = PBXFileReference; explicitFileType = wrapper.cfbundle; includeInIndex = 0; path = HelloWorldTests.xctest; sourceTree = BUILT_PRODUCTS_DIR; };
		ADEB028B1BD4D7FD00577C19 /* Info.plist */ = {isa = PBXFileReference; lastKnownFileType = text.plist.xml; path = Info.plist; sourceTree = "<group>"; };
		ADEB028C1BD4D7FD00577C19 /* HelloWorldTests.m */ = {isa = PBXFileReference; lastKnownFileType = sourcecode.c.objc; path = HelloWorldTests.m; sourceTree = "<group>"; };
/* End PBXFileReference section */

/* Begin PBXFrameworksBuildPhase section */
		ADEB026A1BD4D7FC00577C19 /* Frameworks */ = {
			isa = PBXFrameworksBuildPhase;
			buildActionMask = 2147483647;
			files = (
			);
			runOnlyForDeploymentPostprocessing = 0;
		};
		ADEB02831BD4D7FD00577C19 /* Frameworks */ = {
			isa = PBXFrameworksBuildPhase;
			buildActionMask = 2147483647;
			files = (
			);
			runOnlyForDeploymentPostprocessing = 0;
		};
/* End PBXFrameworksBuildPhase section */

/* Begin PBXGroup section */
		ADEB02641BD4D7FC00577C19 = {
			isa = PBXGroup;
			children = (
				ADEB026F1BD4D7FC00577C19 /* HelloWorld */,
				ADEB02891BD4D7FD00577C19 /* HelloWorldTests */,
				ADEB026E1BD4D7FC00577C19 /* Products */,
			);
			sourceTree = "<group>";
		};
		ADEB026E1BD4D7FC00577C19 /* Products */ = {
			isa = PBXGroup;
			children = (
				ADEB026D1BD4D7FC00577C19 /* HelloWorld.app */,
				ADEB02861BD4D7FD00577C19 /* HelloWorldTests.xctest */,
			);
			name = Products;
			sourceTree = "<group>";
		};
		ADEB026F1BD4D7FC00577C19 /* HelloWorld */ = {
			isa = PBXGroup;
			children = (
				ADEB02741BD4D7FC00577C19 /* AppDelegate.h */,
				ADEB02751BD4D7FC00577C19 /* AppDelegate.m */,
				ADEB02771BD4D7FC00577C19 /* ViewController.h */,
				ADEB02781BD4D7FC00577C19 /* ViewController.m */,
				ADEB027A1BD4D7FC00577C19 /* Main.storyboard */,
				ADEB027D1BD4D7FC00577C19 /* Images.xcassets */,
				ADEB027F1BD4D7FC00577C19 /* LaunchScreen.xib */,
				ADEB02701BD4D7FC00577C19 /* Supporting Files */,
			);
			path = HelloWorld;
			sourceTree = "<group>";
		};
		ADEB02701BD4D7FC00577C19 /* Supporting Files */ = {
			isa = PBXGroup;
			children = (
				ADEB02711BD4D7FC00577C19 /* Info.plist */,
				ADEB02721BD4D7FC00577C19 /* main.m */,
			);
			name = "Supporting Files";
			sourceTree = "<group>";
		};
		ADEB02891BD4D7FD00577C19 /* HelloWorldTests */ = {
			isa = PBXGroup;
			children = (
				ADEB028C1BD4D7FD00577C19 /* HelloWorldTests.m */,
				ADEB028A1BD4D7FD00577C19 /* Supporting Files */,
			);
			path = HelloWorldTests;
			sourceTree = "<group>";
		};
		ADEB028A1BD4D7FD00577C19 /* Supporting Files */ = {
			isa = PBXGroup;
			children = (
				ADEB028B1BD4D7FD00577C19 /* Info.plist */,
			);
			name = "Supporting Files";
			sourceTree = "<group>";
		};
/* End PBXGroup section */

/* Begin PBXNativeTarget section */
		ADEB026C1BD4D7FC00577C19 /* HelloWorld */ = {
			isa = PBXNativeTarget;
			buildConfigurationList = ADEB02901BD4D7FD00577C19 /* Build configuration list for PBXNativeTarget "HelloWorld" */;
			buildPhases = (
				ADEB02691BD4D7FC00577C19 /* Sources */,
				ADEB026A1BD4D7FC00577C19 /* Frameworks */,
				ADEB026B1BD4D7FC00577C19 /* Resources */,
			);
			buildRules = (
			);
			dependencies = (
			);
			name = HelloWorld;
			productName = HelloWorld;
			productReference = ADEB026D1BD4D7FC00577C19 /* HelloWorld.app */;
			productType = "com.apple.product-type.application";
		};
		ADEB02851BD4D7FD00577C19 /* HelloWorldTests */ = {
			isa = PBXNativeTarget;
			buildConfigurationList = ADEB02931BD4D7FD00577C19 /* Build configuration list for PBXNativeTarget "HelloWorldTests" */;
			buildPhases = (
				ADEB02821BD4D7FD00577C19 /* Sources */,
				ADEB02831BD4D7FD00577C19 /* Frameworks */,
				ADEB02841BD4D7FD00577C19 /* Resources */,
			);
			buildRules = (
			);
			dependencies = (
				ADEB02881BD4D7FD00577C19 /* PBXTargetDependency */,
			);
			name = HelloWorldTests;
			productName = HelloWorldTests;
			productReference = ADEB02861BD4D7FD00577C19 /* HelloWorldTests.xctest */;
			productType = "com.apple.product-type.bundle.unit-test";
		};
/* End PBXNativeTarget section */

/* Begin PBXProject section */
		ADEB02651BD4D7FC00577C19 /* Project object */ = {
			isa = PBXProject;
			attributes = {
				LastUpgradeCheck = 0630;
				ORGANIZATIONNAME = LST;
				TargetAttributes = {
					ADEB026C1BD4D7FC00577C19 = {
						CreatedOnToolsVersion = 6.3.2;
					};
					ADEB02851BD4D7FD00577C19 = {
						CreatedOnToolsVersion = 6.3.2;
						TestTargetID = ADEB026C1BD4D7FC00577C19;
					};
				};
			};
			buildConfigurationList = ADEB02681BD4D7FC00577C19 /* Build configuration list for PBXProject "HelloWorld" */;
			compatibilityVersion = "Xcode 3.2";
			developmentRegion = English;
			hasScannedForEncodings = 0;
			knownRegions = (
				en,
				Base,
			);
			mainGroup = ADEB02641BD4D7FC00577C19;
			productRefGroup = ADEB026E1BD4D7FC00577C19 /* Products */;
			projectDirPath = "";
			projectRoot = "";
			targets = (
				ADEB026C1BD4D7FC00577C19 /* HelloWorld */,
				ADEB02851BD4D7FD00577C19 /* HelloWorldTests */,
			);
		};
/* End PBXProject section */

/* Begin PBXResourcesBuildPhase section */
		ADEB026B1BD4D7FC00577C19 /* Resources */ = {
			isa = PBXResourcesBuildPhase;
			buildActionMask = 2147483647;
			files = (
				ADEB027C1BD4D7FC00577C19 /* Main.storyboard in Resources */,
				ADEB02811BD4D7FC00577C19 /* LaunchScreen.xib in Resources */,
				ADEB027E1BD4D7FC00577C19 /* Images.xcassets in Resources */,
			);
			runOnlyForDeploymentPostprocessing = 0;
		};
		ADEB02841BD4D7FD00577C19 /* Resources */ = {
			isa = PBXResourcesBuildPhase;
			buildActionMask = 2147483647;
			files = (
			);
			runOnlyForDeploymentPostprocessing = 0;
		};
/* End PBXResourcesBuildPhase section */

/* Begin PBXSourcesBuildPhase section */
		ADEB02691BD4D7FC00577C19 /* Sources */ = {
			isa = PBXSourcesBuildPhase;
			buildActionMask = 2147483647;
			files = (
				ADEB02791BD4D7FC00577C19 /* ViewController.m in Sources */,
				ADEB02761BD4D7FC00577C19 /* AppDelegate.m in Sources */,
				ADEB02731BD4D7FC00577C19 /* main.m in Sources */,
			);
			runOnlyForDeploymentPostprocessing = 0;
		};
		ADEB02821BD4D7FD00577C19 /* Sources */ = {
			isa = PBXSourcesBuildPhase;
			buildActionMask = 2147483647;
			files = (
				ADEB028D1BD4D7FD00577C19 /* HelloWorldTests.m in Sources */,
			);
			runOnlyForDeploymentPostprocessing = 0;
		};
/* End PBXSourcesBuildPhase section */

/* Begin PBXTargetDependency section */
		ADEB02881BD4D7FD00577C19 /* PBXTargetDependency */ = {
			isa = PBXTargetDependency;
			target = ADEB026C1BD4D7FC00577C19 /* HelloWorld */;
			targetProxy = ADEB02871BD4D7FD00577C19 /* PBXContainerItemProxy */;
		};
/* End PBXTargetDependency section */

/* Begin PBXVariantGroup section */
		ADEB027A1BD4D7FC00577C19 /* Main.storyboard */ = {
			isa = PBXVariantGroup;
			children = (
				ADEB027B1BD4D7FC00577C19 /* Base */,
			);
			name = Main.storyboard;
			sourceTree = "<group>";
		};
		ADEB027F1BD4D7FC00577C19 /* LaunchScreen.xib */ = {
			isa = PBXVariantGroup;
			children = (
				ADEB02801BD4D7FC00577C19 /* Base */,
			);
			name = LaunchScreen.xib;
			sourceTree = "<group>";
		};
/* End PBXVariantGroup section */

/* Begin XCBuildConfiguration section */
		ADEB028E1BD4D7FD00577C19 /* Debug */ = {
			isa = XCBuildConfiguration;
			buildSettings = {
				ALWAYS_SEARCH_USER_PATHS = NO;
				CLANG_CXX_LANGUAGE_STANDARD = "gnu++0x";
				CLANG_CXX_LIBRARY = "libc++";
				CLANG_ENABLE_MODULES = YES;
				CLANG_ENABLE_OBJC_ARC = YES;
				CLANG_WARN_BOOL_CONVERSION = YES;
				CLANG_WARN_CONSTANT_CONVERSION = YES;
				CLANG_WARN_DIRECT_OBJC_ISA_USAGE = YES_ERROR;
				CLANG_WARN_EMPTY_BODY = YES;
				CLANG_WARN_ENUM_CONVERSION = YES;
				CLANG_WARN_INT_CONVERSION = YES;
				CLANG_WARN_OBJC_ROOT_CLASS = YES_ERROR;
				CLANG_WARN_UNREACHABLE_CODE = YES;
				CLANG_WARN__DUPLICATE_METHOD_MATCH = YES;
				"CODE_SIGN_IDENTITY[sdk=iphoneos*]" = "iPhone Developer";
				COPY_PHASE_STRIP = NO;
				DEBUG_INFORMATION_FORMAT = "dwarf-with-dsym";
				ENABLE_STRICT_OBJC_MSGSEND = YES;
				GCC_C_LANGUAGE_STANDARD = gnu99;
				GCC_DYNAMIC_NO_PIC = NO;
				GCC_NO_COMMON_BLOCKS = YES;
				GCC_OPTIMIZATION_LEVEL = 0;
				GCC_PREPROCESSOR_DEFINITIONS = (
					"DEBUG=1",
					"$(inherited)",
				);
				GCC_SYMBOLS_PRIVATE_EXTERN = NO;
				GCC_WARN_64_TO_32_BIT_CONVERSION = YES;
				GCC_WARN_ABOUT_RETURN_TYPE = YES_ERROR;
				GCC_WARN_UNDECLARED_SELECTOR = YES;
				GCC_WARN_UNINITIALIZED_AUTOS = YES_AGGRESSIVE;
				GCC_WARN_UNUSED_FUNCTION = YES;
				GCC_WARN_UNUSED_VARIABLE = YES;
				IPHONEOS_DEPLOYMENT_TARGET = 8.3;
				MTL_ENABLE_DEBUG_INFO = YES;
				ONLY_ACTIVE_ARCH = YES;
				SDKROOT = iphoneos;
				TARGETED_DEVICE_FAMILY = "1,2";
			};
			name = Debug;
		};
		ADEB028F1BD4D7FD00577C19 /* Release */ = {
			isa = XCBuildConfiguration;
			buildSettings = {
				ALWAYS_SEARCH_USER_PATHS = NO;
				CLANG_CXX_LANGUAGE_STANDARD = "gnu++0x";
				CLANG_CXX_LIBRARY = "libc++";
				CLANG_ENABLE_MODULES = YES;
				CLANG_ENABLE_OBJC_ARC = YES;
				CLANG_WARN_BOOL_CONVERSION = YES;
				CLANG_WARN_CONSTANT_CONVERSION = YES;
				CLANG_WARN_DIRECT_OBJC_ISA_USAGE = YES_ERROR;
				CLANG_WARN_EMPTY_BODY = YES;
				CLANG_WARN_ENUM_CONVERSION = YES;
				CLANG_WARN_INT_CONVERSION = YES;
				CLANG_WARN_OBJC_ROOT_CLASS = YES_ERROR;
				CLANG_WARN_UNREACHABLE_CODE = YES;
				CLANG_WARN__DUPLICATE_METHOD_MATCH = YES;
				"CODE_SIGN_IDENTITY[sdk=iphoneos*]" = "iPhone Developer";
				COPY_PHASE_STRIP = NO;
				DEBUG_INFORMATION_FORMAT = "dwarf-with-dsym";
				ENABLE_NS_ASSERTIONS = NO;
				ENABLE_STRICT_OBJC_MSGSEND = YES;
				GCC_C_LANGUAGE_STANDARD = gnu99;
				GCC_NO_COMMON_BLOCKS = YES;
				GCC_WARN_64_TO_32_BIT_CONVERSION = YES;
				GCC_WARN_ABOUT_RETURN_TYPE = YES_ERROR;
				GCC_WARN_UNDECLARED_SELECTOR = YES;
				GCC_WARN_UNINITIALIZED_AUTOS = YES_AGGRESSIVE;
				GCC_WARN_UNUSED_FUNCTION = YES;
				GCC_WARN_UNUSED_VARIABLE = YES;
				IPHONEOS_DEPLOYMENT_TARGET = 8.3;
				MTL_ENABLE_DEBUG_INFO = NO;
				SDKROOT = iphoneos;
				TARGETED_DEVICE_FAMILY = "1,2";
				VALIDATE_PRODUCT = YES;
			};
			name = Release;
		};
		ADEB02911BD4D7FD00577C19 /* Debug */ = {
			isa = XCBuildConfiguration;
			buildSettings = {
				ASSETCATALOG_COMPILER_APPICON_NAME = AppIcon;
				INFOPLIST_FILE = HelloWorld/Info.plist;
				LD_RUNPATH_SEARCH_PATHS = "$(inherited) @executable_path/Frameworks";
				PRODUCT_NAME = "$(TARGET_NAME)";
			};
			name = Debug;
		};
		ADEB02921BD4D7FD00577C19 /* Release */ = {
			isa = XCBuildConfiguration;
			buildSettings = {
				ASSETCATALOG_COMPILER_APPICON_NAME = AppIcon;
				INFOPLIST_FILE = HelloWorld/Info.plist;
				LD_RUNPATH_SEARCH_PATHS = "$(inherited) @executable_path/Frameworks";
				PRODUCT_NAME = "$(TARGET_NAME)";
			};
			name = Release;
		};
		ADEB02941BD4D7FD00577C19 /* Debug */ = {
			isa = XCBuildConfiguration;
			buildSettings = {
				BUNDLE_LOADER = "$(TEST_HOST)";
				FRAMEWORK_SEARCH_PATHS = (
					"$(SDKROOT)/Developer/Library/Frameworks",
					"$(inherited)",
				);
				GCC_PREPROCESSOR_DEFINITIONS = (
					"DEBUG=1",
					"$(inherited)",
				);
				INFOPLIST_FILE = HelloWorldTests/Info.plist;
				LD_RUNPATH_SEARCH_PATHS = "$(inherited) @executable_path/Frameworks @loader_path/Frameworks";
				PRODUCT_NAME = "$(TARGET_NAME)";
				TEST_HOST = "$(BUILT_PRODUCTS_DIR)/HelloWorld.app/HelloWorld";
			};
			name = Debug;
		};
		ADEB02951BD4D7FD00577C19 /* Release */ = {
			isa = XCBuildConfiguration;
			buildSettings = {
				BUNDLE_LOADER = "$(TEST_HOST)";
				FRAMEWORK_SEARCH_PATHS = (
					"$(SDKROOT)/Developer/Library/Frameworks",
					"$(inherited)",
				);
				INFOPLIST_FILE = HelloWorldTests/Info.plist;
				LD_RUNPATH_SEARCH_PATHS = "$(inherited) @executable_path/Frameworks @loader_path/Frameworks";
				PRODUCT_NAME = "$(TARGET_NAME)";
				TEST_HOST = "$(BUILT_PRODUCTS_DIR)/HelloWorld.app/HelloWorld";
			};
			name = Release;
		};
/* End XCBuildConfiguration section */

/* Begin XCConfigurationList section */
		ADEB02681BD4D7FC00577C19 /* Build configuration list for PBXProject "HelloWorld" */ = {
			isa = XCConfigurationList;
			buildConfigurations = (
				ADEB028E1BD4D7FD00577C19 /* Debug */,
				ADEB028F1BD4D7FD00577C19 /* Release */,
			);
			defaultConfigurationIsVisible = 0;
			defaultConfigurationName = Release;
		};
		ADEB02901BD4D7FD00577C19 /* Build configuration list for PBXNativeTarget "HelloWorld" */ = {
			isa = XCConfigurationList;
			buildConfigurations = (
				ADEB02911BD4D7FD00577C19 /* Debug */,
				ADEB02921BD4D7FD00577C19 /* Release */,
			);
			defaultConfigurationIsVisible = 0;
		};
		ADEB02931BD4D7FD00577C19 /* Build configuration list for PBXNativeTarget "HelloWorldTests" */ = {
			isa = XCConfigurationList;
			buildConfigurations = (
				ADEB02941BD4D7FD00577C19 /* Debug */,
				ADEB02951BD4D7FD00577C19 /* Release */,
			);
			defaultConfigurationIsVisible = 0;
		};
/* End XCConfigurationList section */
	};
	rootObject = ADEB02651BD4D7FC00577C19 /* Project object */;
}
